<?xml version="1.0"?>
<Project ToolsVersion="4.0" xmlns="http://schemas.microsoft.com/developer/msbuild/2003">
	<ItemGroup>
		<ClCompile Include="src\ofApp.cpp">
			<Filter>src</Filter>
		</ClCompile>
		<ClCompile Include="src\main.cpp">
			<Filter>src</Filter>
		</ClCompile>
		<ClCompile Include="..\..\..\addons\ofxJSON\src\ofxJSONElement.cpp">
			<Filter>addons\ofxJSON\src</Filter>
		</ClCompile>
		<ClCompile Include="..\..\..\addons\ofxJSON\libs\jsoncpp\src\jsoncpp.cpp">
			<Filter>addons\ofxJSON\libs\jsoncpp\src</Filter>
		</ClCompile>
	</ItemGroup>
	<ItemGroup>
		<Filter Include="src">
			<UniqueIdentifier>{d8376475-7454-4a24-b08a-aac121d3ad6f}</UniqueIdentifier>
		</Filter>
		<Filter Include="addons">
			<UniqueIdentifier>{C5666CA7--C90-C-4A-A5-A-12D-E068D5C5D5AA}</UniqueIdentifier>
		</Filter>
		<Filter Include="addons\ofxJSON">
			<UniqueIdentifier>{B400C7A4--628-6-4F-A2-B-84D-1D35134606DE}</UniqueIdentifier>
		</Filter>
		<Filter Include="addons\ofxJSON\src">
			<UniqueIdentifier>{7C7A44E4--624-F-47-60-A-2B1-B97FC9E19377}</UniqueIdentifier>
		</Filter>
		<Filter Include="addons\ofxJSON\libs">
			<UniqueIdentifier>{D4A24589--B03-1-4D-5C-9-AAC-3C7FCAC1A7C9}</UniqueIdentifier>
		</Filter>
		<Filter Include="addons\ofxJSON\libs\jsoncpp">
			<UniqueIdentifier>{07BFF7C7--6BF-E-4A-52-A-CA6-5FA92AA4F43B}</UniqueIdentifier>
		</Filter>
		<Filter Include="addons\ofxJSON\libs\jsoncpp\include">
			<UniqueIdentifier>{99D99B9E--CA1-8-46-53-B-619-F0E9DE4CA1E8}</UniqueIdentifier>
		</Filter>
		<Filter Include="addons\ofxJSON\libs\jsoncpp\include\json">
			<UniqueIdentifier>{D4A09BCE--3DE-B-4E-90-8-4C6-D5C6EA08CAE9}</UniqueIdentifier>
		</Filter>
		<Filter Include="addons\ofxJSON\libs\jsoncpp\src">
			<UniqueIdentifier>{CE75B849--4D2-6-48-B2-9-C5E-A3293B7C152D}</UniqueIdentifier>
		</Filter>
	</ItemGroup>
	<ItemGroup>
		<ClInclude Include="src\ofApp.h">
			<Filter>src</Filter>
		</ClInclude>
		<ClInclude Include="..\..\..\addons\ofxJSON\src\ofxJSON.h">
			<Filter>addons\ofxJSON\src</Filter>
		</ClInclude>
		<ClInclude Include="..\..\..\addons\ofxJSON\src\ofxJSONElement.h">
			<Filter>addons\ofxJSON\src</Filter>
		</ClInclude>
		<ClInclude Include="..\..\..\addons\ofxJSON\libs\jsoncpp\include\json\json-forwards.h">
			<Filter>addons\ofxJSON\libs\jsoncpp\include\json</Filter>
		</ClInclude>
		<ClInclude Include="..\..\..\addons\ofxJSON\libs\jsoncpp\include\json\json.h">
			<Filter>addons\ofxJSON\libs\jsoncpp\include\json</Filter>
		</ClInclude>
	</ItemGroup>
	<ItemGroup>
		<ResourceCompile Include="icon.rc" />
	</ItemGroup>
</Project>
